
Microsoft Visual Studio Solution File, Format Version 12.00
# Visual Studio 15
VisualStudioVersion = 15.0.28010.2050
MinimumVisualStudioVersion = 10.0.40219.1
Project("{9A19103F-16F7-4668-BE54-9A1E7A4F7556}") = "ConsumerService", "ConsumerService\ConsumerService\ConsumerService.csproj", "{62A20472-0864-4187-8F00-0B1CC808E37A}"
EndProject
Project("{9A19103F-16F7-4668-BE54-9A1E7A4F7556}") = "AccountingService", "AccountingService\AccountingService\AccountingService.csproj", "{FCC2211A-56E8-4583-ACE0-B3B3B1027B5B}"
EndProject
Project("{9A19103F-16F7-4668-BE54-9A1E7A4F7556}") = "KitchenService", "KitchenService\KitchenService\KitchenService.csproj", "{D6F6B69A-D784-4397-BC5F-71487BA12E5F}"
EndProject
Project("{9A19103F-16F7-4668-BE54-9A1E7A4F7556}") = "OrderService", "OrderService\OrderService\OrderService.csproj", "{1E394957-3958-4324-83F1-08679ECD94AC}"
EndProject
Project("{9A19103F-16F7-4668-BE54-9A1E7A4F7556}") = "PSHub", "PSHub\PSHub\PSHub.csproj", "{481FA416-05DC-4726-8C1D-9D0417D3F390}"
EndProject
Project("{9A19103F-16F7-4668-BE54-9A1E7A4F7556}") = "Ticket", "Ticket\Ticket\Ticket.csproj", "{45970627-965C-4A34-914A-DE895CDBD3D6}"
EndProject
Project("{9A19103F-16F7-4668-BE54-9A1E7A4F7556}") = "TicketManager", "TicketManager\TicketManager\TicketManager.csproj", "{8B59659E-AED0-4A49-BF1D-CF905875A818}"
EndProject
Project("{9A19103F-16F7-4668-BE54-9A1E7A4F7556}") = "Canal", "Canal\Canal\Canal.csproj", "{22E1CF0E-110C-4BD9-A962-3987ECD0D817}"
EndProject
Project("{2150E333-8FDC-42A3-9474-1A3956D46DE8}") = "BusinessServices", "BusinessServices", "{D5C1971B-984A-43F4-AF9D-04C8A2A326DD}"
EndProject
Project("{2150E333-8FDC-42A3-9474-1A3956D46DE8}") = "TicketsServices", "TicketsServices", "{75B148D4-FEFE-4941-AD5B-6C32D7698E37}"
EndProject
Project("{2150E333-8FDC-42A3-9474-1A3956D46DE8}") = "Hub", "Hub", "{0BCD15CE-FCA8-4D27-BDE0-DC66AC607940}"
EndProject
Project("{2150E333-8FDC-42A3-9474-1A3956D46DE8}") = "FrontEnd", "FrontEnd", "{50D5D7B0-E9B1-412E-8E36-F8E83F97BFCE}"
EndProject
Project("{2150E333-8FDC-42A3-9474-1A3956D46DE8}") = "Apoio", "Apoio", "{1FC02A19-64AB-4B45-AB1E-37EB5844480B}"
EndProject
Project("{9A19103F-16F7-4668-BE54-9A1E7A4F7556}") = "AMQ", "AMQ\AMQ\AMQ.csproj", "{6C6275D7-76CE-4B99-A711-BEBECB733EDE}"
EndProject
Project("{E24C65DC-7377-472B-9ABA-BC803B73C61A}") = "Web", "Web\", "{6EE47792-7199-40A5-90E4-E2D16232C37F}"
	ProjectSection(WebsiteProperties) = preProject
		TargetFrameworkMoniker = ".NETFramework,Version%3Dv4.6.1"
		Debug.AspNetCompiler.VirtualPath = "/localhost_49992"
		Debug.AspNetCompiler.PhysicalPath = "Web\"
		Debug.AspNetCompiler.TargetPath = "PrecompiledWeb\localhost_49992\"
		Debug.AspNetCompiler.Updateable = "true"
		Debug.AspNetCompiler.ForceOverwrite = "true"
		Debug.AspNetCompiler.FixedNames = "false"
		Debug.AspNetCompiler.Debug = "True"
		Release.AspNetCompiler.VirtualPath = "/localhost_49992"
		Release.AspNetCompiler.PhysicalPath = "Web\"
		Release.AspNetCompiler.TargetPath = "PrecompiledWeb\localhost_49992\"
		Release.AspNetCompiler.Updateable = "true"
		Release.AspNetCompiler.ForceOverwrite = "true"
		Release.AspNetCompiler.FixedNames = "false"
		Release.AspNetCompiler.Debug = "False"
		VWDPort = "49992"
		SlnRelativePath = "Web\"
		DefaultWebSiteLanguage = "Visual C#"
	EndProjectSection
EndProject
Project("{FAE04EC0-301F-11D3-BF4B-00C04F79EFBC}") = "ElasticSearch", "ElasticSearch\ElasticSearch.csproj", "{9D6FAB61-2459-4338-9164-1D6CAEF54842}"
EndProject
Global
	GlobalSection(SolutionConfigurationPlatforms) = preSolution
		Debug|Any CPU = Debug|Any CPU
		Release|Any CPU = Release|Any CPU
	EndGlobalSection
	GlobalSection(ProjectConfigurationPlatforms) = postSolution
		{62A20472-0864-4187-8F00-0B1CC808E37A}.Debug|Any CPU.ActiveCfg = Debug|Any CPU
		{62A20472-0864-4187-8F00-0B1CC808E37A}.Debug|Any CPU.Build.0 = Debug|Any CPU
		{62A20472-0864-4187-8F00-0B1CC808E37A}.Release|Any CPU.ActiveCfg = Release|Any CPU
		{62A20472-0864-4187-8F00-0B1CC808E37A}.Release|Any CPU.Build.0 = Release|Any CPU
		{FCC2211A-56E8-4583-ACE0-B3B3B1027B5B}.Debug|Any CPU.ActiveCfg = Debug|Any CPU
		{FCC2211A-56E8-4583-ACE0-B3B3B1027B5B}.Debug|Any CPU.Build.0 = Debug|Any CPU
		{FCC2211A-56E8-4583-ACE0-B3B3B1027B5B}.Release|Any CPU.ActiveCfg = Release|Any CPU
		{FCC2211A-56E8-4583-ACE0-B3B3B1027B5B}.Release|Any CPU.Build.0 = Release|Any CPU
		{D6F6B69A-D784-4397-BC5F-71487BA12E5F}.Debug|Any CPU.ActiveCfg = Debug|Any CPU
		{D6F6B69A-D784-4397-BC5F-71487BA12E5F}.Debug|Any CPU.Build.0 = Debug|Any CPU
		{D6F6B69A-D784-4397-BC5F-71487BA12E5F}.Release|Any CPU.ActiveCfg = Release|Any CPU
		{D6F6B69A-D784-4397-BC5F-71487BA12E5F}.Release|Any CPU.Build.0 = Release|Any CPU
		{1E394957-3958-4324-83F1-08679ECD94AC}.Debug|Any CPU.ActiveCfg = Debug|Any CPU
		{1E394957-3958-4324-83F1-08679ECD94AC}.Debug|Any CPU.Build.0 = Debug|Any CPU
		{1E394957-3958-4324-83F1-08679ECD94AC}.Release|Any CPU.ActiveCfg = Release|Any CPU
		{1E394957-3958-4324-83F1-08679ECD94AC}.Release|Any CPU.Build.0 = Release|Any CPU
		{481FA416-05DC-4726-8C1D-9D0417D3F390}.Debug|Any CPU.ActiveCfg = Debug|Any CPU
		{481FA416-05DC-4726-8C1D-9D0417D3F390}.Debug|Any CPU.Build.0 = Debug|Any CPU
		{481FA416-05DC-4726-8C1D-9D0417D3F390}.Release|Any CPU.ActiveCfg = Release|Any CPU
		{481FA416-05DC-4726-8C1D-9D0417D3F390}.Release|Any CPU.Build.0 = Release|Any CPU
		{45970627-965C-4A34-914A-DE895CDBD3D6}.Debug|Any CPU.ActiveCfg = Debug|Any CPU
		{45970627-965C-4A34-914A-DE895CDBD3D6}.Debug|Any CPU.Build.0 = Debug|Any CPU
		{45970627-965C-4A34-914A-DE895CDBD3D6}.Release|Any CPU.ActiveCfg = Release|Any CPU
		{45970627-965C-4A34-914A-DE895CDBD3D6}.Release|Any CPU.Build.0 = Release|Any CPU
		{8B59659E-AED0-4A49-BF1D-CF905875A818}.Debug|Any CPU.ActiveCfg = Debug|Any CPU
		{8B59659E-AED0-4A49-BF1D-CF905875A818}.Debug|Any CPU.Build.0 = Debug|Any CPU
		{8B59659E-AED0-4A49-BF1D-CF905875A818}.Release|Any CPU.ActiveCfg = Release|Any CPU
		{8B59659E-AED0-4A49-BF1D-CF905875A818}.Release|Any CPU.Build.0 = Release|Any CPU
		{22E1CF0E-110C-4BD9-A962-3987ECD0D817}.Debug|Any CPU.ActiveCfg = Debug|Any CPU
		{22E1CF0E-110C-4BD9-A962-3987ECD0D817}.Debug|Any CPU.Build.0 = Debug|Any CPU
		{22E1CF0E-110C-4BD9-A962-3987ECD0D817}.Release|Any CPU.ActiveCfg = Release|Any CPU
		{22E1CF0E-110C-4BD9-A962-3987ECD0D817}.Release|Any CPU.Build.0 = Release|Any CPU
		{6C6275D7-76CE-4B99-A711-BEBECB733EDE}.Debug|Any CPU.ActiveCfg = Debug|Any CPU
		{6C6275D7-76CE-4B99-A711-BEBECB733EDE}.Debug|Any CPU.Build.0 = Debug|Any CPU
		{6C6275D7-76CE-4B99-A711-BEBECB733EDE}.Release|Any CPU.ActiveCfg = Release|Any CPU
		{6C6275D7-76CE-4B99-A711-BEBECB733EDE}.Release|Any CPU.Build.0 = Release|Any CPU
		{6EE47792-7199-40A5-90E4-E2D16232C37F}.Debug|Any CPU.ActiveCfg = Debug|Any CPU
		{6EE47792-7199-40A5-90E4-E2D16232C37F}.Debug|Any CPU.Build.0 = Debug|Any CPU
		{6EE47792-7199-40A5-90E4-E2D16232C37F}.Release|Any CPU.ActiveCfg = Debug|Any CPU
		{6EE47792-7199-40A5-90E4-E2D16232C37F}.Release|Any CPU.Build.0 = Debug|Any CPU
		{9D6FAB61-2459-4338-9164-1D6CAEF54842}.Debug|Any CPU.ActiveCfg = Debug|Any CPU
		{9D6FAB61-2459-4338-9164-1D6CAEF54842}.Debug|Any CPU.Build.0 = Debug|Any CPU
		{9D6FAB61-2459-4338-9164-1D6CAEF54842}.Release|Any CPU.ActiveCfg = Release|Any CPU
		{9D6FAB61-2459-4338-9164-1D6CAEF54842}.Release|Any CPU.Build.0 = Release|Any CPU
	EndGlobalSection
	GlobalSection(SolutionProperties) = preSolution
		HideSolutionNode = FALSE
	EndGlobalSection
	GlobalSection(NestedProjects) = preSolution
		{62A20472-0864-4187-8F00-0B1CC808E37A} = {D5C1971B-984A-43F4-AF9D-04C8A2A326DD}
		{FCC2211A-56E8-4583-ACE0-B3B3B1027B5B} = {D5C1971B-984A-43F4-AF9D-04C8A2A326DD}
		{D6F6B69A-D784-4397-BC5F-71487BA12E5F} = {D5C1971B-984A-43F4-AF9D-04C8A2A326DD}
		{1E394957-3958-4324-83F1-08679ECD94AC} = {D5C1971B-984A-43F4-AF9D-04C8A2A326DD}
		{481FA416-05DC-4726-8C1D-9D0417D3F390} = {0BCD15CE-FCA8-4D27-BDE0-DC66AC607940}
		{45970627-965C-4A34-914A-DE895CDBD3D6} = {75B148D4-FEFE-4941-AD5B-6C32D7698E37}
		{8B59659E-AED0-4A49-BF1D-CF905875A818} = {75B148D4-FEFE-4941-AD5B-6C32D7698E37}
		{22E1CF0E-110C-4BD9-A962-3987ECD0D817} = {50D5D7B0-E9B1-412E-8E36-F8E83F97BFCE}
		{6C6275D7-76CE-4B99-A711-BEBECB733EDE} = {1FC02A19-64AB-4B45-AB1E-37EB5844480B}
		{6EE47792-7199-40A5-90E4-E2D16232C37F} = {50D5D7B0-E9B1-412E-8E36-F8E83F97BFCE}
		{9D6FAB61-2459-4338-9164-1D6CAEF54842} = {1FC02A19-64AB-4B45-AB1E-37EB5844480B}
	EndGlobalSection
	GlobalSection(ExtensibilityGlobals) = postSolution
		SolutionGuid = {67EC6B35-B341-4C97-BAA0-DC0E7C14C93C}
	EndGlobalSection
EndGlobal
