
Microsoft Visual Studio Solution File, Format Version 12.00
# Visual Studio 15
VisualStudioVersion = 15.0.28010.2050
MinimumVisualStudioVersion = 10.0.40219.1
Project("{FAE04EC0-301F-11D3-BF4B-00C04F79EFBC}") = "TicketManager", "TicketManager\TicketManager.csproj", "{C9C265F8-388E-44C4-9BDA-AD2C30CCC54C}"
EndProject
Global
	GlobalSection(SolutionConfigurationPlatforms) = preSolution
		Debug|Any CPU = Debug|Any CPU
		Release|Any CPU = Release|Any CPU
	EndGlobalSection
	GlobalSection(ProjectConfigurationPlatforms) = postSolution
		{C9C265F8-388E-44C4-9BDA-AD2C30CCC54C}.Debug|Any CPU.ActiveCfg = Debug|Any CPU
		{C9C265F8-388E-44C4-9BDA-AD2C30CCC54C}.Debug|Any CPU.Build.0 = Debug|Any CPU
		{C9C265F8-388E-44C4-9BDA-AD2C30CCC54C}.Release|Any CPU.ActiveCfg = Release|Any CPU
		{C9C265F8-388E-44C4-9BDA-AD2C30CCC54C}.Release|Any CPU.Build.0 = Release|Any CPU
	EndGlobalSection
	GlobalSection(SolutionProperties) = preSolution
		HideSolutionNode = FALSE
	EndGlobalSection
	GlobalSection(ExtensibilityGlobals) = postSolution
		SolutionGuid = {84D32257-2A0D-4513-A84C-F6162ACD7899}
	EndGlobalSection
EndGlobal
